{
  "nodes": {
    "flake-compat": {
      "flake": false,
      "locked": {
        "lastModified": 1751685974,
        "narHash": "sha256-NKw96t+BgHIYzHUjkTK95FqYRVKB8DHpVhefWSz/kTw=",
        "ref": "refs/heads/main",
        "rev": "549f2762aebeff29a2e5ece7a7dc0f955281a1d1",
        "revCount": 92,
        "type": "git",
        "url": "https://git.lix.systems/lix-project/flake-compat.git"
      },
      "original": {
        "type": "git",
        "url": "https://git.lix.systems/lix-project/flake-compat.git"
      }
    },
    "flake-parts": {
      "inputs": {
        "nixpkgs-lib": [
          "nvf",
          "nixpkgs"
        ]
      },
      "locked": {
        "lastModified": 1756770412,
        "narHash": "sha256-+uWLQZccFHwqpGqr2Yt5VsW/PbeJVTn9Dk6SHWhNRPw=",
        "owner": "hercules-ci",
        "repo": "flake-parts",
        "rev": "4524271976b625a4a605beefd893f270620fd751",
        "type": "github"
      },
      "original": {
        "owner": "hercules-ci",
        "repo": "flake-parts",
        "type": "github"
      }
    },
    "hjem": {
      "inputs": {
        "nixpkgs": "nixpkgs",
        "smfh": "smfh"
      },
      "locked": {
        "lastModified": 1757733237,
        "narHash": "sha256-q57LxLzOQuW0ROtoBMMPbG8neBYa6LizRH9FVOQkkLQ=",
        "owner": "feel-co",
        "repo": "hjem",
        "rev": "627b34efad55fd42d6dd52c19c796604d2b8e8bd",
        "type": "github"
      },
      "original": {
        "owner": "feel-co",
        "repo": "hjem",
        "type": "github"
      }
    },
    "matugen": {
      "inputs": {
        "nixpkgs": "nixpkgs_2",
        "systems": "systems_2"
      },
      "locked": {
        "lastModified": 1757838174,
        "narHash": "sha256-HdHp5Xpws+MOWOWU0RuLpKUPdpQdA/9qNCtpH8BUYvQ=",
        "owner": "InioX",
        "repo": "Matugen",
        "rev": "a49399b8a937d2ac5d142dec64e84c152fe76205",
        "type": "github"
      },
      "original": {
        "owner": "InioX",
        "repo": "Matugen",
        "type": "github"
      }
    },
    "mnw": {
      "locked": {
        "lastModified": 1756659871,
        "narHash": "sha256-v6Rh4aQ6RKjM2N02kK9Usn0Ix7+OY66vNpeklc1MnGE=",
        "owner": "Gerg-L",
        "repo": "mnw",
        "rev": "ed6cc3e48557ba18266e598a5ebb6602499ada16",
        "type": "github"
      },
      "original": {
        "owner": "Gerg-L",
        "repo": "mnw",
        "type": "github"
      }
    },
    "nixpkgs": {
      "locked": {
        "lastModified": 1757487488,
        "narHash": "sha256-zwE/e7CuPJUWKdvvTCB7iunV4E/+G0lKfv4kk/5Izdg=",
        "owner": "NixOS",
        "repo": "nixpkgs",
        "rev": "ab0f3607a6c7486ea22229b92ed2d355f1482ee0",
        "type": "github"
      },
      "original": {
        "owner": "NixOS",
        "ref": "nixos-unstable",
        "repo": "nixpkgs",
        "type": "github"
      }
    },
    "nixpkgs_2": {
      "locked": {
        "lastModified": 1724479785,
        "narHash": "sha256-pP3Azj5d6M5nmG68Fu4JqZmdGt4S4vqI5f8te+E/FTw=",
        "owner": "nixos",
        "repo": "nixpkgs",
        "rev": "d0e1602ddde669d5beb01aec49d71a51937ed7be",
        "type": "github"
      },
      "original": {
        "owner": "nixos",
        "ref": "nixos-unstable",
        "repo": "nixpkgs",
        "type": "github"
      }
    },
    "nixpkgs_3": {
      "locked": {
        "lastModified": 1757745802,
        "narHash": "sha256-hLEO2TPj55KcUFUU1vgtHE9UEIOjRcH/4QbmfHNF820=",
        "owner": "nixos",
        "repo": "nixpkgs",
        "rev": "c23193b943c6c689d70ee98ce3128239ed9e32d1",
        "type": "github"
      },
      "original": {
        "owner": "nixos",
        "ref": "nixos-unstable",
        "repo": "nixpkgs",
        "type": "github"
      }
    },
    "nvf": {
      "inputs": {
        "flake-compat": "flake-compat",
        "flake-parts": "flake-parts",
        "mnw": "mnw",
        "nixpkgs": [
          "nixpkgs"
        ],
        "systems": "systems_3"
      },
      "locked": {
        "lastModified": 1757955071,
        "narHash": "sha256-owSpkt551cIqDDk5iHesdEus9REFeOIY3rY4C5ZPm/Y=",
        "owner": "NotAShelf",
        "repo": "nvf",
        "rev": "1bd9fc116420db4c1156819d61df5d5312e1bbea",
        "type": "github"
      },
      "original": {
        "owner": "NotAShelf",
        "repo": "nvf",
        "type": "github"
      }
    },
    "root": {
      "inputs": {
        "hjem": "hjem",
        "matugen": "matugen",
        "nixpkgs": "nixpkgs_3",
        "nvf": "nvf"
      }
    },
    "rust-overlay": {
      "inputs": {
        "nixpkgs": [
          "hjem",
          "smfh",
          "nixpkgs"
        ]
      },
      "locked": {
        "lastModified": 1755225702,
        "narHash": "sha256-i7Rgs943NqX0RgQW0/l1coi8eWBj3XhxVggMpjjzTsk=",
        "owner": "oxalica",
        "repo": "rust-overlay",
        "rev": "4abaeba6b176979be0da0195b9e4ce86bc501ae4",
        "type": "github"
      },
      "original": {
        "owner": "oxalica",
        "repo": "rust-overlay",
        "type": "github"
      }
    },
    "smfh": {
      "inputs": {
        "nixpkgs": [
          "hjem",
          "nixpkgs"
        ],
        "rust-overlay": "rust-overlay",
        "systems": "systems"
      },
      "locked": {
        "lastModified": 1755350122,
        "narHash": "sha256-fTmAdnSPmEZlwAMTm/NEl4VibUAo+cerUuby1AYbKMM=",
        "owner": "feel-co",
        "repo": "smfh",
        "rev": "5de4e315d61a7378f37ebdd39d42b6cf09a1b8cc",
        "type": "github"
      },
      "original": {
        "owner": "feel-co",
        "repo": "smfh",
        "type": "github"
      }
    },
    "systems": {
      "locked": {
        "lastModified": 1681028828,
        "narHash": "sha256-Vy1rq5AaRuLzOxct8nz4T6wlgyUR7zLU309k9mBC768=",
        "owner": "nix-systems",
        "repo": "default",
        "rev": "da67096a3b9bf56a91d16901293e51ba5b49a27e",
        "type": "github"
      },
      "original": {
        "owner": "nix-systems",
        "repo": "default",
        "type": "github"
      }
    },
    "systems_2": {
      "locked": {
        "lastModified": 1689347949,
        "narHash": "sha256-12tWmuL2zgBgZkdoB6qXZsgJEH9LR3oUgpaQq2RbI80=",
        "owner": "nix-systems",
        "repo": "default-linux",
        "rev": "31732fcf5e8fea42e59c2488ad31a0e651500f68",
        "type": "github"
      },
      "original": {
        "owner": "nix-systems",
        "repo": "default-linux",
        "type": "github"
      }
    },
    "systems_3": {
      "locked": {
        "lastModified": 1681028828,
        "narHash": "sha256-Vy1rq5AaRuLzOxct8nz4T6wlgyUR7zLU309k9mBC768=",
        "owner": "nix-systems",
        "repo": "default",
        "rev": "da67096a3b9bf56a91d16901293e51ba5b49a27e",
        "type": "github"
      },
      "original": {
        "owner": "nix-systems",
        "repo": "default",
        "type": "github"
      }
    }
  },
  "root": "root",
  "version": 7
}
